{
  "name": "codex-overleaf-link",
  "version": "2.1.0",
  "lockfileVersion": 3,
  "requires": true,
  "packages": {
    "": {
      "name": "codex-overleaf-link",
      "version": "2.1.0",
      "license": "MIT",
      "bin": {
        "codex-overleaf-link": "bin/codex-overleaf-link.mjs"
      },
      "engines": {
        "node": ">=20"
      }
    }
  }
}
